
Microsoft Visual Studio Solution File, Format Version 12.00
# Visual Studio Version 16
VisualStudioVersion = 16.0.31424.327
MinimumVisualStudioVersion = 10.0.40219.1
Project("{FAE04EC0-301F-11D3-BF4B-00C04F79EFBC}") = "PhoneApp", "PhoneApp\PhoneApp.csproj", "{15A80810-D204-40FA-8C80-32F7EDC639D7}"
EndProject
Global
	GlobalSection(SolutionConfigurationPlatforms) = preSolution
		Debug|Any CPU = Debug|Any CPU
		Release|Any CPU = Release|Any CPU
	EndGlobalSection
	GlobalSection(ProjectConfigurationPlatforms) = postSolution
		{15A80810-D204-40FA-8C80-32F7EDC639D7}.Debug|Any CPU.ActiveCfg = Debug|Any CPU
		{15A80810-D204-40FA-8C80-32F7EDC639D7}.Debug|Any CPU.Build.0 = Debug|Any CPU
		{15A80810-D204-40FA-8C80-32F7EDC639D7}.Release|Any CPU.ActiveCfg = Release|Any CPU
		{15A80810-D204-40FA-8C80-32F7EDC639D7}.Release|Any CPU.Build.0 = Release|Any CPU
	EndGlobalSection
	GlobalSection(SolutionProperties) = preSolution
		HideSolutionNode = FALSE
	EndGlobalSection
	GlobalSection(ExtensibilityGlobals) = postSolution
		SolutionGuid = {4E42963B-5F70-4018-BEC9-52ABF36C8DA2}
	EndGlobalSection
EndGlobal
